
Microsoft Visual Studio Solution File, Format Version 12.00
# Visual Studio 14
VisualStudioVersion = 14.0.25420.1
MinimumVisualStudioVersion = 10.0.40219.1
Project("{F184B08F-C81C-45F6-A57F-5ABD9991F28F}") = "QuanLiThuVien", "QuanLiThuVien\QuanLiThuVien.vbproj", "{6DDEB53C-1E81-4DA4-9B09-507FBEBC39D7}"
EndProject
Project("{F184B08F-C81C-45F6-A57F-5ABD9991F28F}") = "DTO", "DTO\DTO.vbproj", "{61A0EB1A-B950-49D3-98D7-1E9953F25DFF}"
EndProject
Project("{F184B08F-C81C-45F6-A57F-5ABD9991F28F}") = "DAO", "DAO\DAO.vbproj", "{3C5490F3-5480-4374-B223-D9BF1189B80A}"
EndProject
Project("{F184B08F-C81C-45F6-A57F-5ABD9991F28F}") = "BUS", "BUS\BUS.vbproj", "{4088581B-A340-45D5-B854-7712B9A51459}"
EndProject
Global
	GlobalSection(SolutionConfigurationPlatforms) = preSolution
		Debug|Any CPU = Debug|Any CPU
		Release|Any CPU = Release|Any CPU
	EndGlobalSection
	GlobalSection(ProjectConfigurationPlatforms) = postSolution
		{6DDEB53C-1E81-4DA4-9B09-507FBEBC39D7}.Debug|Any CPU.ActiveCfg = Debug|Any CPU
		{6DDEB53C-1E81-4DA4-9B09-507FBEBC39D7}.Debug|Any CPU.Build.0 = Debug|Any CPU
		{6DDEB53C-1E81-4DA4-9B09-507FBEBC39D7}.Release|Any CPU.ActiveCfg = Release|Any CPU
		{6DDEB53C-1E81-4DA4-9B09-507FBEBC39D7}.Release|Any CPU.Build.0 = Release|Any CPU
		{61A0EB1A-B950-49D3-98D7-1E9953F25DFF}.Debug|Any CPU.ActiveCfg = Debug|Any CPU
		{61A0EB1A-B950-49D3-98D7-1E9953F25DFF}.Debug|Any CPU.Build.0 = Debug|Any CPU
		{61A0EB1A-B950-49D3-98D7-1E9953F25DFF}.Release|Any CPU.ActiveCfg = Release|Any CPU
		{61A0EB1A-B950-49D3-98D7-1E9953F25DFF}.Release|Any CPU.Build.0 = Release|Any CPU
		{3C5490F3-5480-4374-B223-D9BF1189B80A}.Debug|Any CPU.ActiveCfg = Debug|Any CPU
		{3C5490F3-5480-4374-B223-D9BF1189B80A}.Debug|Any CPU.Build.0 = Debug|Any CPU
		{3C5490F3-5480-4374-B223-D9BF1189B80A}.Release|Any CPU.ActiveCfg = Release|Any CPU
		{3C5490F3-5480-4374-B223-D9BF1189B80A}.Release|Any CPU.Build.0 = Release|Any CPU
		{4088581B-A340-45D5-B854-7712B9A51459}.Debug|Any CPU.ActiveCfg = Debug|Any CPU
		{4088581B-A340-45D5-B854-7712B9A51459}.Debug|Any CPU.Build.0 = Debug|Any CPU
		{4088581B-A340-45D5-B854-7712B9A51459}.Release|Any CPU.ActiveCfg = Release|Any CPU
		{4088581B-A340-45D5-B854-7712B9A51459}.Release|Any CPU.Build.0 = Release|Any CPU
	EndGlobalSection
	GlobalSection(SolutionProperties) = preSolution
		HideSolutionNode = FALSE
	EndGlobalSection
EndGlobal
