
Microsoft Visual Studio Solution File, Format Version 12.00
# Visual Studio 15
VisualStudioVersion = 15.0.27703.2000
MinimumVisualStudioVersion = 10.0.40219.1
Project("{F184B08F-C81C-45F6-A57F-5ABD9991F28F}") = "QuanLiThuVienGUI", "QuanLiThuVien\QuanLiThuVienGUI.vbproj", "{6DDEB53C-1E81-4DA4-9B09-507FBEBC39D7}"
EndProject
Project("{F184B08F-C81C-45F6-A57F-5ABD9991F28F}") = "DTO", "DTO\DTO.vbproj", "{61A0EB1A-B950-49D3-98D7-1E9953F25DFF}"
EndProject
Project("{F184B08F-C81C-45F6-A57F-5ABD9991F28F}") = "DAO", "DAO\DAO.vbproj", "{3C5490F3-5480-4374-B223-D9BF1189B80A}"
EndProject
Project("{F184B08F-C81C-45F6-A57F-5ABD9991F28F}") = "BUS", "BUS\BUS.vbproj", "{4088581B-A340-45D5-B854-7712B9A51459}"
EndProject
Project("{F184B08F-C81C-45F6-A57F-5ABD9991F28F}") = "Utility", "Utility\Utility.vbproj", "{70100AD9-80F0-4668-A7E8-6FE7CE878D1C}"
EndProject
Project("{54435603-DBB4-11D2-8724-00A0C9A8B90C}") = "setup", "QuanLiThuVien\QuanLiThuVien.vdproj", "{332FD66F-B5B1-4ABE-9779-CC9A7D30EBB1}"
EndProject
Global
	GlobalSection(SolutionConfigurationPlatforms) = preSolution
		Debug|Any CPU = Debug|Any CPU
		Release|Any CPU = Release|Any CPU
	EndGlobalSection
	GlobalSection(ProjectConfigurationPlatforms) = postSolution
		{6DDEB53C-1E81-4DA4-9B09-507FBEBC39D7}.Debug|Any CPU.ActiveCfg = Debug|Any CPU
		{6DDEB53C-1E81-4DA4-9B09-507FBEBC39D7}.Debug|Any CPU.Build.0 = Debug|Any CPU
		{6DDEB53C-1E81-4DA4-9B09-507FBEBC39D7}.Release|Any CPU.ActiveCfg = Release|Any CPU
		{6DDEB53C-1E81-4DA4-9B09-507FBEBC39D7}.Release|Any CPU.Build.0 = Release|Any CPU
		{61A0EB1A-B950-49D3-98D7-1E9953F25DFF}.Debug|Any CPU.ActiveCfg = Debug|Any CPU
		{61A0EB1A-B950-49D3-98D7-1E9953F25DFF}.Debug|Any CPU.Build.0 = Debug|Any CPU
		{61A0EB1A-B950-49D3-98D7-1E9953F25DFF}.Release|Any CPU.ActiveCfg = Release|Any CPU
		{61A0EB1A-B950-49D3-98D7-1E9953F25DFF}.Release|Any CPU.Build.0 = Release|Any CPU
		{3C5490F3-5480-4374-B223-D9BF1189B80A}.Debug|Any CPU.ActiveCfg = Debug|Any CPU
		{3C5490F3-5480-4374-B223-D9BF1189B80A}.Debug|Any CPU.Build.0 = Debug|Any CPU
		{3C5490F3-5480-4374-B223-D9BF1189B80A}.Release|Any CPU.ActiveCfg = Release|Any CPU
		{3C5490F3-5480-4374-B223-D9BF1189B80A}.Release|Any CPU.Build.0 = Release|Any CPU
		{4088581B-A340-45D5-B854-7712B9A51459}.Debug|Any CPU.ActiveCfg = Debug|Any CPU
		{4088581B-A340-45D5-B854-7712B9A51459}.Debug|Any CPU.Build.0 = Debug|Any CPU
		{4088581B-A340-45D5-B854-7712B9A51459}.Release|Any CPU.ActiveCfg = Release|Any CPU
		{4088581B-A340-45D5-B854-7712B9A51459}.Release|Any CPU.Build.0 = Release|Any CPU
		{70100AD9-80F0-4668-A7E8-6FE7CE878D1C}.Debug|Any CPU.ActiveCfg = Debug|Any CPU
		{70100AD9-80F0-4668-A7E8-6FE7CE878D1C}.Debug|Any CPU.Build.0 = Debug|Any CPU
		{70100AD9-80F0-4668-A7E8-6FE7CE878D1C}.Release|Any CPU.ActiveCfg = Release|Any CPU
		{70100AD9-80F0-4668-A7E8-6FE7CE878D1C}.Release|Any CPU.Build.0 = Release|Any CPU
		{332FD66F-B5B1-4ABE-9779-CC9A7D30EBB1}.Debug|Any CPU.ActiveCfg = Debug
		{332FD66F-B5B1-4ABE-9779-CC9A7D30EBB1}.Release|Any CPU.ActiveCfg = Release
	EndGlobalSection
	GlobalSection(SolutionProperties) = preSolution
		HideSolutionNode = FALSE
	EndGlobalSection
	GlobalSection(ExtensibilityGlobals) = postSolution
		SolutionGuid = {FDEFAD71-7443-4739-8792-90476092166B}
	EndGlobalSection
EndGlobal
